
Microsoft Visual Studio Solution File, Format Version 12.00
# Visual Studio Version 16
VisualStudioVersion = 16.0.30204.135
MinimumVisualStudioVersion = 10.0.40219.1
Project("{9A19103F-16F7-4668-BE54-9A1E7A4F7556}") = "BlazorCosmicBlog", "BlazorCosmicBlog.csproj", "{82AB2C5E-0D0C-4DF0-A25E-74E0A6F7CDB8}"
EndProject
Global
	GlobalSection(SolutionConfigurationPlatforms) = preSolution
		Debug|Any CPU = Debug|Any CPU
		Release|Any CPU = Release|Any CPU
	EndGlobalSection
	GlobalSection(ProjectConfigurationPlatforms) = postSolution
		{82AB2C5E-0D0C-4DF0-A25E-74E0A6F7CDB8}.Debug|Any CPU.ActiveCfg = Debug|Any CPU
		{82AB2C5E-0D0C-4DF0-A25E-74E0A6F7CDB8}.Debug|Any CPU.Build.0 = Debug|Any CPU
		{82AB2C5E-0D0C-4DF0-A25E-74E0A6F7CDB8}.Release|Any CPU.ActiveCfg = Release|Any CPU
		{82AB2C5E-0D0C-4DF0-A25E-74E0A6F7CDB8}.Release|Any CPU.Build.0 = Release|Any CPU
	EndGlobalSection
	GlobalSection(SolutionProperties) = preSolution
		HideSolutionNode = FALSE
	EndGlobalSection
	GlobalSection(ExtensibilityGlobals) = postSolution
		SolutionGuid = {C8A3BDA1-B72D-464E-A523-C5D63D6FEC33}
	EndGlobalSection
EndGlobal
